
Microsoft Visual Studio Solution File, Format Version 12.00
# Visual Studio Version 16
VisualStudioVersion = 16.0.29926.136
MinimumVisualStudioVersion = 10.0.40219.1
Project("{FAE04EC0-301F-11D3-BF4B-00C04F79EFBC}") = "PatterRepository", "PatterRepository\PatterRepository.csproj", "{14AA748F-C411-4A98-8993-99BD211B3762}"
EndProject
Project("{FAE04EC0-301F-11D3-BF4B-00C04F79EFBC}") = "Contracts", "Contracts\Contracts.csproj", "{37F3C384-C507-4340-97E3-B26C38FA1794}"
EndProject
Project("{FAE04EC0-301F-11D3-BF4B-00C04F79EFBC}") = "LoggerService", "LoggerService\LoggerService.csproj", "{2063BE20-643B-4D74-B13F-5A0ECF0ED1EC}"
EndProject
Project("{FAE04EC0-301F-11D3-BF4B-00C04F79EFBC}") = "Entities", "Entities\Entities.csproj", "{913EE6E1-CCD4-4BF8-82C7-5ACFED3F19F4}"
EndProject
Project("{FAE04EC0-301F-11D3-BF4B-00C04F79EFBC}") = "Repository", "Repository\Repository.csproj", "{27DC214F-CD88-4C2A-BA09-ACA23A931B42}"
EndProject
Global
	GlobalSection(SolutionConfigurationPlatforms) = preSolution
		Debug|Any CPU = Debug|Any CPU
		Release|Any CPU = Release|Any CPU
	EndGlobalSection
	GlobalSection(ProjectConfigurationPlatforms) = postSolution
		{14AA748F-C411-4A98-8993-99BD211B3762}.Debug|Any CPU.ActiveCfg = Debug|Any CPU
		{14AA748F-C411-4A98-8993-99BD211B3762}.Debug|Any CPU.Build.0 = Debug|Any CPU
		{14AA748F-C411-4A98-8993-99BD211B3762}.Release|Any CPU.ActiveCfg = Release|Any CPU
		{14AA748F-C411-4A98-8993-99BD211B3762}.Release|Any CPU.Build.0 = Release|Any CPU
		{37F3C384-C507-4340-97E3-B26C38FA1794}.Debug|Any CPU.ActiveCfg = Debug|Any CPU
		{37F3C384-C507-4340-97E3-B26C38FA1794}.Debug|Any CPU.Build.0 = Debug|Any CPU
		{37F3C384-C507-4340-97E3-B26C38FA1794}.Release|Any CPU.ActiveCfg = Release|Any CPU
		{37F3C384-C507-4340-97E3-B26C38FA1794}.Release|Any CPU.Build.0 = Release|Any CPU
		{2063BE20-643B-4D74-B13F-5A0ECF0ED1EC}.Debug|Any CPU.ActiveCfg = Debug|Any CPU
		{2063BE20-643B-4D74-B13F-5A0ECF0ED1EC}.Debug|Any CPU.Build.0 = Debug|Any CPU
		{2063BE20-643B-4D74-B13F-5A0ECF0ED1EC}.Release|Any CPU.ActiveCfg = Release|Any CPU
		{2063BE20-643B-4D74-B13F-5A0ECF0ED1EC}.Release|Any CPU.Build.0 = Release|Any CPU
		{913EE6E1-CCD4-4BF8-82C7-5ACFED3F19F4}.Debug|Any CPU.ActiveCfg = Debug|Any CPU
		{913EE6E1-CCD4-4BF8-82C7-5ACFED3F19F4}.Debug|Any CPU.Build.0 = Debug|Any CPU
		{913EE6E1-CCD4-4BF8-82C7-5ACFED3F19F4}.Release|Any CPU.ActiveCfg = Release|Any CPU
		{913EE6E1-CCD4-4BF8-82C7-5ACFED3F19F4}.Release|Any CPU.Build.0 = Release|Any CPU
		{27DC214F-CD88-4C2A-BA09-ACA23A931B42}.Debug|Any CPU.ActiveCfg = Debug|Any CPU
		{27DC214F-CD88-4C2A-BA09-ACA23A931B42}.Debug|Any CPU.Build.0 = Debug|Any CPU
		{27DC214F-CD88-4C2A-BA09-ACA23A931B42}.Release|Any CPU.ActiveCfg = Release|Any CPU
		{27DC214F-CD88-4C2A-BA09-ACA23A931B42}.Release|Any CPU.Build.0 = Release|Any CPU
	EndGlobalSection
	GlobalSection(SolutionProperties) = preSolution
		HideSolutionNode = FALSE
	EndGlobalSection
	GlobalSection(ExtensibilityGlobals) = postSolution
		SolutionGuid = {9E495CF0-948D-4AB3-8D76-BD6F3182C648}
	EndGlobalSection
EndGlobal
